
Microsoft Visual Studio Solution File, Format Version 12.00
# Visual Studio Version 16
VisualStudioVersion = 16.0.30804.86
MinimumVisualStudioVersion = 10.0.40219.1
Project("{9A19103F-16F7-4668-BE54-9A1E7A4F7556}") = "mqtt_subscriber", "mqtt_subscriber\mqtt_subscriber.csproj", "{B5E6F9AA-0076-4A0E-8E31-C20F2736DF24}"
EndProject
Project("{9A19103F-16F7-4668-BE54-9A1E7A4F7556}") = "tryudp", "tryudp\tryudp.csproj", "{4D851EF7-72EB-455F-9FB9-7DEAD75AC23B}"
EndProject
Project("{9A19103F-16F7-4668-BE54-9A1E7A4F7556}") = "tryudp2", "tryudp2\tryudp2.csproj", "{447262F9-DB54-4B71-88EA-D383D1C0D2FC}"
EndProject
Project("{9A19103F-16F7-4668-BE54-9A1E7A4F7556}") = "tryudp3", "tryudp3\tryudp3.csproj", "{8D4BB750-C9F4-4F04-8F23-B67302F1FF33}"
EndProject
Project("{FAE04EC0-301F-11D3-BF4B-00C04F79EFBC}") = "RobControl", "RobControl\RobControl.csproj", "{19779658-277B-4B4C-AB3B-C17AD1022C49}"
EndProject
Global
	GlobalSection(SolutionConfigurationPlatforms) = preSolution
		Debug|Any CPU = Debug|Any CPU
		Release|Any CPU = Release|Any CPU
	EndGlobalSection
	GlobalSection(ProjectConfigurationPlatforms) = postSolution
		{B5E6F9AA-0076-4A0E-8E31-C20F2736DF24}.Debug|Any CPU.ActiveCfg = Debug|Any CPU
		{B5E6F9AA-0076-4A0E-8E31-C20F2736DF24}.Debug|Any CPU.Build.0 = Debug|Any CPU
		{B5E6F9AA-0076-4A0E-8E31-C20F2736DF24}.Release|Any CPU.ActiveCfg = Release|Any CPU
		{B5E6F9AA-0076-4A0E-8E31-C20F2736DF24}.Release|Any CPU.Build.0 = Release|Any CPU
		{4D851EF7-72EB-455F-9FB9-7DEAD75AC23B}.Debug|Any CPU.ActiveCfg = Debug|Any CPU
		{4D851EF7-72EB-455F-9FB9-7DEAD75AC23B}.Debug|Any CPU.Build.0 = Debug|Any CPU
		{4D851EF7-72EB-455F-9FB9-7DEAD75AC23B}.Release|Any CPU.ActiveCfg = Release|Any CPU
		{4D851EF7-72EB-455F-9FB9-7DEAD75AC23B}.Release|Any CPU.Build.0 = Release|Any CPU
		{447262F9-DB54-4B71-88EA-D383D1C0D2FC}.Debug|Any CPU.ActiveCfg = Debug|Any CPU
		{447262F9-DB54-4B71-88EA-D383D1C0D2FC}.Debug|Any CPU.Build.0 = Debug|Any CPU
		{447262F9-DB54-4B71-88EA-D383D1C0D2FC}.Release|Any CPU.ActiveCfg = Release|Any CPU
		{447262F9-DB54-4B71-88EA-D383D1C0D2FC}.Release|Any CPU.Build.0 = Release|Any CPU
		{8D4BB750-C9F4-4F04-8F23-B67302F1FF33}.Debug|Any CPU.ActiveCfg = Debug|Any CPU
		{8D4BB750-C9F4-4F04-8F23-B67302F1FF33}.Debug|Any CPU.Build.0 = Debug|Any CPU
		{8D4BB750-C9F4-4F04-8F23-B67302F1FF33}.Release|Any CPU.ActiveCfg = Release|Any CPU
		{8D4BB750-C9F4-4F04-8F23-B67302F1FF33}.Release|Any CPU.Build.0 = Release|Any CPU
		{19779658-277B-4B4C-AB3B-C17AD1022C49}.Debug|Any CPU.ActiveCfg = Debug|Any CPU
		{19779658-277B-4B4C-AB3B-C17AD1022C49}.Debug|Any CPU.Build.0 = Debug|Any CPU
		{19779658-277B-4B4C-AB3B-C17AD1022C49}.Release|Any CPU.ActiveCfg = Release|Any CPU
		{19779658-277B-4B4C-AB3B-C17AD1022C49}.Release|Any CPU.Build.0 = Release|Any CPU
	EndGlobalSection
	GlobalSection(SolutionProperties) = preSolution
		HideSolutionNode = FALSE
	EndGlobalSection
	GlobalSection(ExtensibilityGlobals) = postSolution
		SolutionGuid = {EA0CDF5A-D457-4442-878E-C69EF48F4FFB}
	EndGlobalSection
EndGlobal
